<Solution>
  <Folder Name="/docs/" />
  <Folder Name="/Solution Items/">
    <File Path=".editorconfig" />
    <File Path="Directory.Build.props" />
    <File Path="Directory.Packages.props" />
    <File Path="nuget.config" />
  </Folder>
  <Folder Name="/src/">
    <Project Path="src/MonitorErpMcp.Catalog/MonitorErpMcp.Catalog.csproj" Id="03413c4f-7640-49a2-8382-63e2f428661b" />
    <Project Path="src/MonitorErpMcp.Server/MonitorErpMcp.Server.csproj" Id="9ecc1e39-9922-47f2-afee-f61cf977d48c" />
  </Folder>
  <Folder Name="/tests/">
    <Project Path="tests/MonitorErpMcp.Tests/MonitorErpMcp.Tests.csproj" Id="60d1bc4e-57bf-47d8-aeff-8adaa80bd89b" />
  </Folder>
</Solution>
